
Microsoft Visual Studio Solution File, Format Version 12.00
# Visual Studio Version 16
VisualStudioVersion = 16.0.30503.244
MinimumVisualStudioVersion = 10.0.40219.1
Project("{FAE04EC0-301F-11D3-BF4B-00C04F79EFBC}") = "GitDemo", "GitDemo\GitDemo.csproj", "{373E798B-BF24-4CCB-AD5B-DCA53994A2EC}"
EndProject
Global
	GlobalSection(SolutionConfigurationPlatforms) = preSolution
		Debug|Any CPU = Debug|Any CPU
		Release|Any CPU = Release|Any CPU
	EndGlobalSection
	GlobalSection(ProjectConfigurationPlatforms) = postSolution
		{373E798B-BF24-4CCB-AD5B-DCA53994A2EC}.Debug|Any CPU.ActiveCfg = Debug|Any CPU
		{373E798B-BF24-4CCB-AD5B-DCA53994A2EC}.Debug|Any CPU.Build.0 = Debug|Any CPU
		{373E798B-BF24-4CCB-AD5B-DCA53994A2EC}.Release|Any CPU.ActiveCfg = Release|Any CPU
		{373E798B-BF24-4CCB-AD5B-DCA53994A2EC}.Release|Any CPU.Build.0 = Release|Any CPU
	EndGlobalSection
	GlobalSection(SolutionProperties) = preSolution
		HideSolutionNode = FALSE
	EndGlobalSection
	GlobalSection(ExtensibilityGlobals) = postSolution
		SolutionGuid = {00BA5403-7394-4223-B15C-CBFC1DBB1C7F}
	EndGlobalSection
EndGlobal
